<?xml version="1.0" encoding="utf-8"?>
<Project ToolsVersion="15.0" xmlns="http://schemas.microsoft.com/developer/msbuild/2003">
  <ItemGroup>
    <ClCompile Include="F:\GitHub\Medical-Image-Processing\TotalVariation\main.cpp">
      <Filter>Source Files</Filter>
    </ClCompile>
  </ItemGroup>
  <ItemGroup>
    <CustomBuild Include="F:\GitHub\Medical-Image-Processing\TotalVariation\CMakeLists.txt" />
  </ItemGroup>
  <ItemGroup>
    <Filter Include="Source Files">
      <UniqueIdentifier>{FC66EBCC-9CF8-35F3-B107-CFC7C32FA6A9}</UniqueIdentifier>
    </Filter>
  </ItemGroup>
</Project>
