<?xml version="1.0" encoding="utf-8"?>
<Project ToolsVersion="15.0" xmlns="http://schemas.microsoft.com/developer/msbuild/2003">
  <ItemGroup>
    <CustomBuild Include="F:\GitHub\Medical-Image-Processing\TotalVariation-bulid\CMakeFiles\fe28b3741c7d346222817e904eaf6cbf\generate.stamp.rule">
      <Filter>CMake Rules</Filter>
    </CustomBuild>
  </ItemGroup>
  <ItemGroup>
    <Filter Include="CMake Rules">
      <UniqueIdentifier>{FDAB0E0E-F27F-3F56-91E5-B1B8C7381536}</UniqueIdentifier>
    </Filter>
  </ItemGroup>
</Project>
